
Microsoft Visual Studio Solution File, Format Version 12.00
# Visual Studio 15
VisualStudioVersion = 15.0.26730.8
MinimumVisualStudioVersion = 10.0.40219.1
Project("{FAE04EC0-301F-11D3-BF4B-00C04F79EFBC}") = "PEProblem10", "PEProblem10.csproj", "{73586602-2F93-4208-8B72-F253DB711BFC}"
EndProject
Global
	GlobalSection(SolutionConfigurationPlatforms) = preSolution
		Debug|Any CPU = Debug|Any CPU
		Release|Any CPU = Release|Any CPU
	EndGlobalSection
	GlobalSection(ProjectConfigurationPlatforms) = postSolution
		{73586602-2F93-4208-8B72-F253DB711BFC}.Debug|Any CPU.ActiveCfg = Debug|Any CPU
		{73586602-2F93-4208-8B72-F253DB711BFC}.Debug|Any CPU.Build.0 = Debug|Any CPU
		{73586602-2F93-4208-8B72-F253DB711BFC}.Release|Any CPU.ActiveCfg = Release|Any CPU
		{73586602-2F93-4208-8B72-F253DB711BFC}.Release|Any CPU.Build.0 = Release|Any CPU
	EndGlobalSection
	GlobalSection(SolutionProperties) = preSolution
		HideSolutionNode = FALSE
	EndGlobalSection
	GlobalSection(ExtensibilityGlobals) = postSolution
		SolutionGuid = {4A820FE1-540D-40AE-BEEF-903057B2D9CA}
	EndGlobalSection
EndGlobal
